
Microsoft Visual Studio Solution File, Format Version 12.00
# Visual Studio Version 16
VisualStudioVersion = 16.0.31005.135
MinimumVisualStudioVersion = 15.0.26124.0
Project("{9A19103F-16F7-4668-BE54-9A1E7A4F7556}") = "TrakingOfBl", "TrakingOfBl\TrakingOfBl.csproj", "{B5D1AC36-2757-408C-BDF3-A98A22A3A537}"
EndProject
Global
	GlobalSection(SolutionConfigurationPlatforms) = preSolution
		Debug|Any CPU = Debug|Any CPU
		Debug|x64 = Debug|x64
		Debug|x86 = Debug|x86
		Release|Any CPU = Release|Any CPU
		Release|x64 = Release|x64
		Release|x86 = Release|x86
	EndGlobalSection
	GlobalSection(ProjectConfigurationPlatforms) = postSolution
		{B5D1AC36-2757-408C-BDF3-A98A22A3A537}.Debug|Any CPU.ActiveCfg = Debug|Any CPU
		{B5D1AC36-2757-408C-BDF3-A98A22A3A537}.Debug|Any CPU.Build.0 = Debug|Any CPU
		{B5D1AC36-2757-408C-BDF3-A98A22A3A537}.Debug|x64.ActiveCfg = Debug|Any CPU
		{B5D1AC36-2757-408C-BDF3-A98A22A3A537}.Debug|x64.Build.0 = Debug|Any CPU
		{B5D1AC36-2757-408C-BDF3-A98A22A3A537}.Debug|x86.ActiveCfg = Debug|Any CPU
		{B5D1AC36-2757-408C-BDF3-A98A22A3A537}.Debug|x86.Build.0 = Debug|Any CPU
		{B5D1AC36-2757-408C-BDF3-A98A22A3A537}.Release|Any CPU.ActiveCfg = Release|Any CPU
		{B5D1AC36-2757-408C-BDF3-A98A22A3A537}.Release|Any CPU.Build.0 = Release|Any CPU
		{B5D1AC36-2757-408C-BDF3-A98A22A3A537}.Release|x64.ActiveCfg = Release|Any CPU
		{B5D1AC36-2757-408C-BDF3-A98A22A3A537}.Release|x64.Build.0 = Release|Any CPU
		{B5D1AC36-2757-408C-BDF3-A98A22A3A537}.Release|x86.ActiveCfg = Release|Any CPU
		{B5D1AC36-2757-408C-BDF3-A98A22A3A537}.Release|x86.Build.0 = Release|Any CPU
	EndGlobalSection
	GlobalSection(SolutionProperties) = preSolution
		HideSolutionNode = FALSE
	EndGlobalSection
	GlobalSection(ExtensibilityGlobals) = postSolution
		SolutionGuid = {82976D30-4DE0-43B3-9962-E4275C9549DB}
	EndGlobalSection
EndGlobal
