
Microsoft Visual Studio Solution File, Format Version 12.00
# Visual Studio Version 16
VisualStudioVersion = 16.0.31005.135
MinimumVisualStudioVersion = 15.0.26124.0
Project("{9A19103F-16F7-4668-BE54-9A1E7A4F7556}") = "ApiTrakingOfBl", "ApiTrakingOfBl\ApiTrakingOfBl.csproj", "{B8FCABA5-797A-4BE8-A16B-2384C82354AB}"
EndProject
Project("{FAE04EC0-301F-11D3-BF4B-00C04F79EFBC}") = "Traking.Site", "Traking.Site\Traking.Site.csproj", "{4E54D1E6-D47E-4DC0-90E1-70444B5E76D8}"
EndProject
Global
	GlobalSection(SolutionConfigurationPlatforms) = preSolution
		Debug|Any CPU = Debug|Any CPU
		Debug|x64 = Debug|x64
		Debug|x86 = Debug|x86
		Release|Any CPU = Release|Any CPU
		Release|x64 = Release|x64
		Release|x86 = Release|x86
	EndGlobalSection
	GlobalSection(ProjectConfigurationPlatforms) = postSolution
		{B8FCABA5-797A-4BE8-A16B-2384C82354AB}.Debug|Any CPU.ActiveCfg = Debug|Any CPU
		{B8FCABA5-797A-4BE8-A16B-2384C82354AB}.Debug|Any CPU.Build.0 = Debug|Any CPU
		{B8FCABA5-797A-4BE8-A16B-2384C82354AB}.Debug|x64.ActiveCfg = Debug|Any CPU
		{B8FCABA5-797A-4BE8-A16B-2384C82354AB}.Debug|x64.Build.0 = Debug|Any CPU
		{B8FCABA5-797A-4BE8-A16B-2384C82354AB}.Debug|x86.ActiveCfg = Debug|Any CPU
		{B8FCABA5-797A-4BE8-A16B-2384C82354AB}.Debug|x86.Build.0 = Debug|Any CPU
		{B8FCABA5-797A-4BE8-A16B-2384C82354AB}.Release|Any CPU.ActiveCfg = Release|Any CPU
		{B8FCABA5-797A-4BE8-A16B-2384C82354AB}.Release|Any CPU.Build.0 = Release|Any CPU
		{B8FCABA5-797A-4BE8-A16B-2384C82354AB}.Release|x64.ActiveCfg = Release|Any CPU
		{B8FCABA5-797A-4BE8-A16B-2384C82354AB}.Release|x64.Build.0 = Release|Any CPU
		{B8FCABA5-797A-4BE8-A16B-2384C82354AB}.Release|x86.ActiveCfg = Release|Any CPU
		{B8FCABA5-797A-4BE8-A16B-2384C82354AB}.Release|x86.Build.0 = Release|Any CPU
		{4E54D1E6-D47E-4DC0-90E1-70444B5E76D8}.Debug|Any CPU.ActiveCfg = Debug|Any CPU
		{4E54D1E6-D47E-4DC0-90E1-70444B5E76D8}.Debug|Any CPU.Build.0 = Debug|Any CPU
		{4E54D1E6-D47E-4DC0-90E1-70444B5E76D8}.Debug|x64.ActiveCfg = Debug|Any CPU
		{4E54D1E6-D47E-4DC0-90E1-70444B5E76D8}.Debug|x64.Build.0 = Debug|Any CPU
		{4E54D1E6-D47E-4DC0-90E1-70444B5E76D8}.Debug|x86.ActiveCfg = Debug|Any CPU
		{4E54D1E6-D47E-4DC0-90E1-70444B5E76D8}.Debug|x86.Build.0 = Debug|Any CPU
		{4E54D1E6-D47E-4DC0-90E1-70444B5E76D8}.Release|Any CPU.ActiveCfg = Release|Any CPU
		{4E54D1E6-D47E-4DC0-90E1-70444B5E76D8}.Release|Any CPU.Build.0 = Release|Any CPU
		{4E54D1E6-D47E-4DC0-90E1-70444B5E76D8}.Release|x64.ActiveCfg = Release|Any CPU
		{4E54D1E6-D47E-4DC0-90E1-70444B5E76D8}.Release|x64.Build.0 = Release|Any CPU
		{4E54D1E6-D47E-4DC0-90E1-70444B5E76D8}.Release|x86.ActiveCfg = Release|Any CPU
		{4E54D1E6-D47E-4DC0-90E1-70444B5E76D8}.Release|x86.Build.0 = Release|Any CPU
	EndGlobalSection
	GlobalSection(SolutionProperties) = preSolution
		HideSolutionNode = FALSE
	EndGlobalSection
	GlobalSection(ExtensibilityGlobals) = postSolution
		SolutionGuid = {34CB44C6-C8DF-4FE1-BBB7-58373997338D}
	EndGlobalSection
EndGlobal
